
Microsoft Visual Studio Solution File, Format Version 12.00
# Visual Studio Version 16
VisualStudioVersion = 16.0.31112.23
MinimumVisualStudioVersion = 10.0.40219.1
Project("{8BC9CEB8-8B4A-11D0-8D11-00A0C91BC942}") = "Robô em Grade", "Robô em Grade.vcxproj", "{347BF8B7-A76C-4872-87B0-C50EF73A4F37}"
EndProject
Global
	GlobalSection(SolutionConfigurationPlatforms) = preSolution
		Debug|x64 = Debug|x64
		Debug|x86 = Debug|x86
		Release|x64 = Release|x64
		Release|x86 = Release|x86
	EndGlobalSection
	GlobalSection(ProjectConfigurationPlatforms) = postSolution
		{347BF8B7-A76C-4872-87B0-C50EF73A4F37}.Debug|x64.ActiveCfg = Debug|x64
		{347BF8B7-A76C-4872-87B0-C50EF73A4F37}.Debug|x64.Build.0 = Debug|x64
		{347BF8B7-A76C-4872-87B0-C50EF73A4F37}.Debug|x86.ActiveCfg = Debug|Win32
		{347BF8B7-A76C-4872-87B0-C50EF73A4F37}.Debug|x86.Build.0 = Debug|Win32
		{347BF8B7-A76C-4872-87B0-C50EF73A4F37}.Release|x64.ActiveCfg = Release|x64
		{347BF8B7-A76C-4872-87B0-C50EF73A4F37}.Release|x64.Build.0 = Release|x64
		{347BF8B7-A76C-4872-87B0-C50EF73A4F37}.Release|x86.ActiveCfg = Release|Win32
		{347BF8B7-A76C-4872-87B0-C50EF73A4F37}.Release|x86.Build.0 = Release|Win32
	EndGlobalSection
	GlobalSection(SolutionProperties) = preSolution
		HideSolutionNode = FALSE
	EndGlobalSection
	GlobalSection(ExtensibilityGlobals) = postSolution
		SolutionGuid = {EE4A3D00-49EF-4322-8F8C-46083239C0E7}
	EndGlobalSection
EndGlobal
